# This file is generated by running "yarn install" inside your project.
# Manual changes might be lost - proceed with caution!

__metadata:
  version: 6
  cacheKey: 8

"left-pad@npm:1.0.0":
  version: 1.0.0
  resolution: "left-pad@npm:1.0.0"
  checksum: 65ac32e53c5f6398e4b0e0f2a1e305b23e9f4e34ad61d5dc1b7632fd79f9ee739f77f2250384a4d9c0436d65fa00077ccc3db9e42d502ef94497a578bf781bd4
  languageName: node
  linkType: hard

"y1@workspace:.":
  version: 0.0.0-use.local
  resolution: "y1@workspace:."
  dependencies:
    left-pad: 1.0.0
  languageName: unknown
  linkType: soft
